
Microsoft Visual Studio Solution File, Format Version 12.00
# Visual Studio 2012
Project("{FAE04EC0-301F-11D3-BF4B-00C04F79EFBC}") = "XamariniOSJson", "XamariniOSJson\XamariniOSJson.csproj", "{7C27176E-EEFF-48C6-9AE4-853D2B38F62C}"
EndProject
Global
	GlobalSection(SolutionConfigurationPlatforms) = preSolution
		Debug|iPhoneSimulator = Debug|iPhoneSimulator
		Release|iPhone = Release|iPhone
		Release|iPhoneSimulator = Release|iPhoneSimulator
		Debug|iPhone = Debug|iPhone
	EndGlobalSection
	GlobalSection(ProjectConfigurationPlatforms) = postSolution
		{7C27176E-EEFF-48C6-9AE4-853D2B38F62C}.Debug|iPhoneSimulator.ActiveCfg = Debug|iPhoneSimulator
		{7C27176E-EEFF-48C6-9AE4-853D2B38F62C}.Debug|iPhoneSimulator.Build.0 = Debug|iPhoneSimulator
		{7C27176E-EEFF-48C6-9AE4-853D2B38F62C}.Release|iPhone.ActiveCfg = Release|iPhone
		{7C27176E-EEFF-48C6-9AE4-853D2B38F62C}.Release|iPhone.Build.0 = Release|iPhone
		{7C27176E-EEFF-48C6-9AE4-853D2B38F62C}.Release|iPhoneSimulator.ActiveCfg = Release|iPhoneSimulator
		{7C27176E-EEFF-48C6-9AE4-853D2B38F62C}.Release|iPhoneSimulator.Build.0 = Release|iPhoneSimulator
		{7C27176E-EEFF-48C6-9AE4-853D2B38F62C}.Debug|iPhone.ActiveCfg = Debug|iPhone
		{7C27176E-EEFF-48C6-9AE4-853D2B38F62C}.Debug|iPhone.Build.0 = Debug|iPhone
	EndGlobalSection
EndGlobal
